{"format_version":"1.2","terraform_version":"1.12.1","variables":{"ami":{"value":"ami-0f9de6e2d2f067fca"},"instance_name":{"value":"server"},"instance_type":{"value":"t2.micro"},"key_name":{"value":"hcl"},"ssh_cidr_blocks":{"value":["0.0.0.0/0"]},"vpc_id":{"value":"vpc-06cab60814e52bf9c"}},"planned_values":{"outputs":{"instance_id":{"sensitive":false},"instance_public_ip":{"sensitive":false},"security_group_id":{"sensitive":false}},"root_module":{"resources":[{"address":"aws_security_group.ec2-sg","mode":"managed","type":"aws_security_group","name":"ec2-sg","provider_name":"registry.terraform.io/hashicorp/aws","schema_version":1,"values":{"description":"Managed by Terraform","egress":[{"cidr_blocks":["0.0.0.0/0"],"description":"","from_port":0,"ipv6_cidr_blocks":[],"prefix_list_ids":[],"protocol":"-1","security_groups":[],"self":false,"to_port":0}],"ingress":[{"cidr_blocks":["0.0.0.0/0"],"description":"","from_port":22,"ipv6_cidr_blocks":[],"prefix_list_ids":[],"protocol":"tcp","security_groups":[],"self":false,"to_port":22},{"cidr_blocks":["0.0.0.0/0"],"description":"","from_port":80,"ipv6_cidr_blocks":[],"prefix_list_ids":[],"protocol":"tcp","security_groups":[],"self":false,"to_port":80}],"revoke_rules_on_delete":false,"tags":{"Name":"server"},"tags_all":{"Name":"server"},"timeouts":null,"vpc_id":"vpc-06cab60814e52bf9c"},"sensitive_values":{"egress":[{"cidr_blocks":[false],"ipv6_cidr_blocks":[],"prefix_list_ids":[],"security_groups":[]}],"ingress":[{"cidr_blocks":[false],"ipv6_cidr_blocks":[],"prefix_list_ids":[],"security_groups":[]},{"cidr_blocks":[false],"ipv6_cidr_blocks":[],"prefix_list_ids":[],"security_groups":[]}],"tags":{},"tags_all":{}}}],"child_modules":[{"resources":[{"address":"module.ec2_instance.aws_instance.server","mode":"managed","type":"aws_instance","name":"server","provider_name":"registry.terraform.io/hashicorp/aws","schema_version":1,"values":{"ami":"ami-0f9de6e2d2f067fca","credit_specification":[],"get_password_data":false,"hibernation":null,"instance_type":"t2.micro","key_name":"hcl","launch_template":[],"source_dest_check":true,"tags":{"Name":"server"},"tags_all":{"Name":"server"},"timeouts":null,"user_data":"0bb66253965fd352048926f2f17da5f0bf35b2cc","user_data_replace_on_change":false,"volume_tags":null},"sensitive_values":{"capacity_reservation_specification":[],"cpu_options":[],"credit_specification":[],"ebs_block_device":[],"enclave_options":[],"ephemeral_block_device":[],"instance_market_options":[],"ipv6_addresses":[],"launch_template":[],"maintenance_options":[],"metadata_options":[],"network_interface":[],"private_dns_name_options":[],"root_block_device":[],"secondary_private_ips":[],"security_groups":[],"tags":{},"tags_all":{},"vpc_security_group_ids":[]}}],"address":"module.ec2_instance"}]}},"resource_changes":[{"address":"aws_security_group.ec2-sg","mode":"managed","type":"aws_security_group","name":"ec2-sg","provider_name":"registry.terraform.io/hashicorp/aws","change":{"actions":["create"],"before":null,"after":{"description":"Managed by Terraform","egress":[{"cidr_blocks":["0.0.0.0/0"],"description":"","from_port":0,"ipv6_cidr_blocks":[],"prefix_list_ids":[],"protocol":"-1","security_groups":[],"self":false,"to_port":0}],"ingress":[{"cidr_blocks":["0.0.0.0/0"],"description":"","from_port":22,"ipv6_cidr_blocks":[],"prefix_list_ids":[],"protocol":"tcp","security_groups":[],"self":false,"to_port":22},{"cidr_blocks":["0.0.0.0/0"],"description":"","from_port":80,"ipv6_cidr_blocks":[],"prefix_list_ids":[],"protocol":"tcp","security_groups":[],"self":false,"to_port":80}],"revoke_rules_on_delete":false,"tags":{"Name":"server"},"tags_all":{"Name":"server"},"timeouts":null,"vpc_id":"vpc-06cab60814e52bf9c"},"after_unknown":{"arn":true,"egress":[{"cidr_blocks":[false],"ipv6_cidr_blocks":[],"prefix_list_ids":[],"security_groups":[]}],"id":true,"ingress":[{"cidr_blocks":[false],"ipv6_cidr_blocks":[],"prefix_list_ids":[],"security_groups":[]},{"cidr_blocks":[false],"ipv6_cidr_blocks":[],"prefix_list_ids":[],"security_groups":[]}],"name":true,"name_prefix":true,"owner_id":true,"tags":{},"tags_all":{}},"before_sensitive":false,"after_sensitive":{"egress":[{"cidr_blocks":[false],"ipv6_cidr_blocks":[],"prefix_list_ids":[],"security_groups":[]}],"ingress":[{"cidr_blocks":[false],"ipv6_cidr_blocks":[],"prefix_list_ids":[],"security_groups":[]},{"cidr_blocks":[false],"ipv6_cidr_blocks":[],"prefix_list_ids":[],"security_groups":[]}],"tags":{},"tags_all":{}}}},{"address":"module.ec2_instance.aws_instance.server","module_address":"module.ec2_instance","mode":"managed","type":"aws_instance","name":"server","provider_name":"registry.terraform.io/hashicorp/aws","change":{"actions":["create"],"before":null,"after":{"ami":"ami-0f9de6e2d2f067fca","credit_specification":[],"get_password_data":false,"hibernation":null,"instance_type":"t2.micro","key_name":"hcl","launch_template":[],"source_dest_check":true,"tags":{"Name":"server"},"tags_all":{"Name":"server"},"timeouts":null,"user_data":"0bb66253965fd352048926f2f17da5f0bf35b2cc","user_data_replace_on_change":false,"volume_tags":null},"after_unknown":{"arn":true,"associate_public_ip_address":true,"availability_zone":true,"capacity_reservation_specification":true,"cpu_core_count":true,"cpu_options":true,"cpu_threads_per_core":true,"credit_specification":[],"disable_api_stop":true,"disable_api_termination":true,"ebs_block_device":true,"ebs_optimized":true,"enable_primary_ipv6":true,"enclave_options":true,"ephemeral_block_device":true,"host_id":true,"host_resource_group_arn":true,"iam_instance_profile":true,"id":true,"instance_initiated_shutdown_behavior":true,"instance_lifecycle":true,"instance_market_options":true,"instance_state":true,"ipv6_address_count":true,"ipv6_addresses":true,"launch_template":[],"maintenance_options":true,"metadata_options":true,"monitoring":true,"network_interface":true,"outpost_arn":true,"password_data":true,"placement_group":true,"placement_partition_number":true,"primary_network_interface_id":true,"private_dns":true,"private_dns_name_options":true,"private_ip":true,"public_dns":true,"public_ip":true,"root_block_device":true,"secondary_private_ips":true,"security_groups":true,"spot_instance_request_id":true,"subnet_id":true,"tags":{},"tags_all":{},"tenancy":true,"user_data_base64":true,"vpc_security_group_ids":true},"before_sensitive":false,"after_sensitive":{"capacity_reservation_specification":[],"cpu_options":[],"credit_specification":[],"ebs_block_device":[],"enclave_options":[],"ephemeral_block_device":[],"instance_market_options":[],"ipv6_addresses":[],"launch_template":[],"maintenance_options":[],"metadata_options":[],"network_interface":[],"private_dns_name_options":[],"root_block_device":[],"secondary_private_ips":[],"security_groups":[],"tags":{},"tags_all":{},"vpc_security_group_ids":[]}}}],"output_changes":{"instance_id":{"actions":["create"],"before":null,"after_unknown":true,"before_sensitive":false,"after_sensitive":false},"instance_public_ip":{"actions":["create"],"before":null,"after_unknown":true,"before_sensitive":false,"after_sensitive":false},"security_group_id":{"actions":["create"],"before":null,"after_unknown":true,"before_sensitive":false,"after_sensitive":false}},"configuration":{"provider_config":{"aws":{"name":"aws","full_name":"registry.terraform.io/hashicorp/aws","version_constraint":"~\u003e 5.0","expressions":{"region":{"constant_value":"us-east-1"}}}},"root_module":{"outputs":{"instance_id":{"expression":{"references":["module.ec2_instance.instance_id","module.ec2_instance"]},"description":"ID of the EC2 instance"},"instance_public_ip":{"expression":{"references":["module.ec2_instance.public_ip","module.ec2_instance"]},"description":"Public IP address of the EC2 instance"},"security_group_id":{"expression":{"references":["aws_security_group.ec2-sg.id","aws_security_group.ec2-sg"]},"description":"ID of the security group"}},"resources":[{"address":"aws_security_group.ec2-sg","mode":"managed","type":"aws_security_group","name":"ec2-sg","provider_config_key":"aws","expressions":{"egress":{"constant_value":[{"cidr_blocks":["0.0.0.0/0"],"description":null,"from_port":0,"ipv6_cidr_blocks":null,"prefix_list_ids":null,"protocol":"-1","security_groups":null,"self":null,"to_port":0}]},"ingress":{"references":["var.ssh_cidr_blocks","var.ssh_cidr_blocks"]},"tags":{"references":["var.instance_name"]},"vpc_id":{"references":["var.vpc_id"]}},"schema_version":1}],"module_calls":{"ec2_instance":{"source":"./modules/ec2","expressions":{"ami":{"references":["var.ami"]},"instance_name":{"references":["var.instance_name"]},"instance_type":{"references":["var.instance_type"]},"key_name":{"references":["var.key_name"]},"security_group_ids":{"references":["aws_security_group.ec2-sg.id","aws_security_group.ec2-sg"]},"ssh_cidr_blocks":{"references":["var.ssh_cidr_blocks"]},"vpc_id":{"references":["var.vpc_id"]}},"module":{"outputs":{"instance_id":{"expression":{"references":["aws_instance.server.id","aws_instance.server"]},"description":"ID of the EC2 instance"},"public_ip":{"expression":{"references":["aws_instance.server.public_ip","aws_instance.server"]},"description":"Public IP address of the EC2 instance"}},"resources":[{"address":"aws_instance.server","mode":"managed","type":"aws_instance","name":"server","provider_config_key":"aws","expressions":{"ami":{"references":["var.ami"]},"instance_type":{"references":["var.instance_type"]},"key_name":{"references":["var.key_name"]},"tags":{"references":["var.instance_name"]},"user_data":{"constant_value":"#!/bin/bash\n  sudo apt update -y\n  # Install Docker\n  curl -fsSL https://get.docker.com -o install-docker.sh\n  sudo sh install-docker.sh\n  sudo usermod -aG docker $USER\n  newgrp docker\n\n  # Install Nginx\n  sudo apt install -y nginx\n  sudo systemctl start nginx\n"},"vpc_security_group_ids":{"references":["var.security_group_ids"]}},"schema_version":1}],"variables":{"ami":{"description":"The AMI ID for the EC2 instance"},"instance_name":{"default":"server","description":"The name tag for the EC2 instance"},"instance_type":{"default":"t2.micro","description":"The instance type for the EC2 instance"},"key_name":{"description":"The name of the EC2 key pair"},"security_group_ids":{"description":"A list of security group IDs to associate with the EC2 instance"},"ssh_cidr_blocks":{"default":["0.0.0.0/0"],"description":"List of CIDR blocks allowed to access SSH"},"vpc_id":{"default":"vpc-06cab60814e52bf9c","description":"The ID of the VPC"}}}}},"variables":{"ami":{"description":"The AMI ID for the EC2 instance"},"instance_name":{"description":"The name tag for the EC2 instance"},"instance_type":{"description":"The instance type for the EC2 instance"},"key_name":{"description":"The name of the EC2 key pair"},"ssh_cidr_blocks":{"description":"List of CIDR blocks allowed to access SSH"},"vpc_id":{"description":"The ID of the VPC"}}}},"relevant_attributes":[{"resource":"aws_security_group.ec2-sg","attribute":["id"]},{"resource":"module.ec2_instance.aws_instance.server","attribute":["id"]},{"resource":"module.ec2_instance.aws_instance.server","attribute":["public_ip"]}],"timestamp":"2025-05-24T09:22:46Z","applyable":true,"complete":true,"errored":false}
